// !$*UTF8*$!
{
	archiveVersion = 1;
	classes = {
	};
	objectVersion = 55;
	objects = {

/* Begin PBXBuildFile section */
		C3CF8511292E1CE400D8121F /* main.swift in Sources */ = {isa = PBXBuildFile; fileRef = C3CF8510292E1CE400D8121F /* main.swift */; };
		C3CF851E292E1D0200D8121F /* Test_Final.swift in Sources */ = {isa = PBXBuildFile; fileRef = C3CF851D292E1D0200D8121F /* Test_Final.swift */; };
		C3CF8522292E1D0B00D8121F /* main.swift in Sources */ = {isa = PBXBuildFile; fileRef = C3CF8510292E1CE400D8121F /* main.swift */; };
		C3CF8525292E216A00D8121F /* Sorting_Algorithms.swift in Sources */ = {isa = PBXBuildFile; fileRef = C3CF8524292E216A00D8121F /* Sorting_Algorithms.swift */; };
		C3CF8526292E216A00D8121F /* Sorting_Algorithms.swift in Sources */ = {isa = PBXBuildFile; fileRef = C3CF8524292E216A00D8121F /* Sorting_Algorithms.swift */; };
/* End PBXBuildFile section */

/* Begin PBXCopyFilesBuildPhase section */
		C3CF850B292E1CE400D8121F /* CopyFiles */ = {
			isa = PBXCopyFilesBuildPhase;
			buildActionMask = 2147483647;
			dstPath = /usr/share/man/man1/;
			dstSubfolderSpec = 0;
			files = (
			);
			runOnlyForDeploymentPostprocessing = 1;
		};
/* End PBXCopyFilesBuildPhase section */

/* Begin PBXFileReference section */
		C3CF850D292E1CE400D8121F /* SwiftAlgorithms_Final */ = {isa = PBXFileReference; explicitFileType = "compiled.mach-o.executable"; includeInIndex = 0; path = SwiftAlgorithms_Final; sourceTree = BUILT_PRODUCTS_DIR; };
		C3CF8510292E1CE400D8121F /* main.swift */ = {isa = PBXFileReference; lastKnownFileType = sourcecode.swift; path = main.swift; sourceTree = "<group>"; };
		C3CF851B292E1D0200D8121F /* Test_Final.xctest */ = {isa = PBXFileReference; explicitFileType = wrapper.cfbundle; includeInIndex = 0; path = Test_Final.xctest; sourceTree = BUILT_PRODUCTS_DIR; };
		C3CF851D292E1D0200D8121F /* Test_Final.swift */ = {isa = PBXFileReference; lastKnownFileType = sourcecode.swift; path = Test_Final.swift; sourceTree = "<group>"; };
		C3CF8524292E216A00D8121F /* Sorting_Algorithms.swift */ = {isa = PBXFileReference; lastKnownFileType = sourcecode.swift; path = Sorting_Algorithms.swift; sourceTree = "<group>"; };
/* End PBXFileReference section */

/* Begin PBXFrameworksBuildPhase section */
		C3CF850A292E1CE400D8121F /* Frameworks */ = {
			isa = PBXFrameworksBuildPhase;
			buildActionMask = 2147483647;
			files = (
			);
			runOnlyForDeploymentPostprocessing = 0;
		};
		C3CF8518292E1D0200D8121F /* Frameworks */ = {
			isa = PBXFrameworksBuildPhase;
			buildActionMask = 2147483647;
			files = (
			);
			runOnlyForDeploymentPostprocessing = 0;
		};
/* End PBXFrameworksBuildPhase section */

/* Begin PBXGroup section */
		C3CF8504292E1CE400D8121F = {
			isa = PBXGroup;
			children = (
				C3CF850F292E1CE400D8121F /* SwiftAlgorithms_Final */,
				C3CF851C292E1D0200D8121F /* Test_Final */,
				C3CF850E292E1CE400D8121F /* Products */,
			);
			sourceTree = "<group>";
		};
		C3CF850E292E1CE400D8121F /* Products */ = {
			isa = PBXGroup;
			children = (
				C3CF850D292E1CE400D8121F /* SwiftAlgorithms_Final */,
				C3CF851B292E1D0200D8121F /* Test_Final.xctest */,
			);
			name = Products;
			sourceTree = "<group>";
		};
		C3CF850F292E1CE400D8121F /* SwiftAlgorithms_Final */ = {
			isa = PBXGroup;
			children = (
				C3CF8510292E1CE400D8121F /* main.swift */,
				C3CF8524292E216A00D8121F /* Sorting_Algorithms.swift */,
			);
			path = SwiftAlgorithms_Final;
			sourceTree = "<group>";
		};
		C3CF851C292E1D0200D8121F /* Test_Final */ = {
			isa = PBXGroup;
			children = (
				C3CF851D292E1D0200D8121F /* Test_Final.swift */,
			);
			path = Test_Final;
			sourceTree = "<group>";
		};
/* End PBXGroup section */

/* Begin PBXNativeTarget section */
		C3CF850C292E1CE400D8121F /* SwiftAlgorithms_Final */ = {
			isa = PBXNativeTarget;
			buildConfigurationList = C3CF8514292E1CE400D8121F /* Build configuration list for PBXNativeTarget "SwiftAlgorithms_Final" */;
			buildPhases = (
				C3CF8509292E1CE400D8121F /* Sources */,
				C3CF850A292E1CE400D8121F /* Frameworks */,
				C3CF850B292E1CE400D8121F /* CopyFiles */,
			);
			buildRules = (
			);
			dependencies = (
			);
			name = SwiftAlgorithms_Final;
			productName = SwiftAlgorithms_Final;
			productReference = C3CF850D292E1CE400D8121F /* SwiftAlgorithms_Final */;
			productType = "com.apple.product-type.tool";
		};
		C3CF851A292E1D0200D8121F /* Test_Final */ = {
			isa = PBXNativeTarget;
			buildConfigurationList = C3CF851F292E1D0200D8121F /* Build configuration list for PBXNativeTarget "Test_Final" */;
			buildPhases = (
				C3CF8517292E1D0200D8121F /* Sources */,
				C3CF8518292E1D0200D8121F /* Frameworks */,
				C3CF8519292E1D0200D8121F /* Resources */,
			);
			buildRules = (
			);
			dependencies = (
			);
			name = Test_Final;
			productName = Test_Final;
			productReference = C3CF851B292E1D0200D8121F /* Test_Final.xctest */;
			productType = "com.apple.product-type.bundle.unit-test";
		};
/* End PBXNativeTarget section */

/* Begin PBXProject section */
		C3CF8505292E1CE400D8121F /* Project object */ = {
			isa = PBXProject;
			attributes = {
				BuildIndependentTargetsInParallel = 1;
				LastSwiftUpdateCheck = 1320;
				LastUpgradeCheck = 1320;
				TargetAttributes = {
					C3CF850C292E1CE400D8121F = {
						CreatedOnToolsVersion = 13.2.1;
					};
					C3CF851A292E1D0200D8121F = {
						CreatedOnToolsVersion = 13.2.1;
					};
				};
			};
			buildConfigurationList = C3CF8508292E1CE400D8121F /* Build configuration list for PBXProject "SwiftAlgorithms_Final" */;
			compatibilityVersion = "Xcode 13.0";
			developmentRegion = en;
			hasScannedForEncodings = 0;
			knownRegions = (
				en,
				Base,
			);
			mainGroup = C3CF8504292E1CE400D8121F;
			productRefGroup = C3CF850E292E1CE400D8121F /* Products */;
			projectDirPath = "";
			projectRoot = "";
			targets = (
				C3CF850C292E1CE400D8121F /* SwiftAlgorithms_Final */,
				C3CF851A292E1D0200D8121F /* Test_Final */,
			);
		};
/* End PBXProject section */

/* Begin PBXResourcesBuildPhase section */
		C3CF8519292E1D0200D8121F /* Resources */ = {
			isa = PBXResourcesBuildPhase;
			buildActionMask = 2147483647;
			files = (
			);
			runOnlyForDeploymentPostprocessing = 0;
		};
/* End PBXResourcesBuildPhase section */

/* Begin PBXSourcesBuildPhase section */
		C3CF8509292E1CE400D8121F /* Sources */ = {
			isa = PBXSourcesBuildPhase;
			buildActionMask = 2147483647;
			files = (
				C3CF8525292E216A00D8121F /* Sorting_Algorithms.swift in Sources */,
				C3CF8511292E1CE400D8121F /* main.swift in Sources */,
			);
			runOnlyForDeploymentPostprocessing = 0;
		};
		C3CF8517292E1D0200D8121F /* Sources */ = {
			isa = PBXSourcesBuildPhase;
			buildActionMask = 2147483647;
			files = (
				C3CF8522292E1D0B00D8121F /* main.swift in Sources */,
				C3CF8526292E216A00D8121F /* Sorting_Algorithms.swift in Sources */,
				C3CF851E292E1D0200D8121F /* Test_Final.swift in Sources */,
			);
			runOnlyForDeploymentPostprocessing = 0;
		};
/* End PBXSourcesBuildPhase section */

/* Begin XCBuildConfiguration section */
		C3CF8512292E1CE400D8121F /* Debug */ = {
			isa = XCBuildConfiguration;
			buildSettings = {
				ALWAYS_SEARCH_USER_PATHS = NO;
				CLANG_ANALYZER_NONNULL = YES;
				CLANG_ANALYZER_NUMBER_OBJECT_CONVERSION = YES_AGGRESSIVE;
				CLANG_CXX_LANGUAGE_STANDARD = "gnu++17";
				CLANG_CXX_LIBRARY = "libc++";
				CLANG_ENABLE_MODULES = YES;
				CLANG_ENABLE_OBJC_ARC = YES;
				CLANG_ENABLE_OBJC_WEAK = YES;
				CLANG_WARN_BLOCK_CAPTURE_AUTORELEASING = YES;
				CLANG_WARN_BOOL_CONVERSION = YES;
				CLANG_WARN_COMMA = YES;
				CLANG_WARN_CONSTANT_CONVERSION = YES;
				CLANG_WARN_DEPRECATED_OBJC_IMPLEMENTATIONS = YES;
				CLANG_WARN_DIRECT_OBJC_ISA_USAGE = YES_ERROR;
				CLANG_WARN_DOCUMENTATION_COMMENTS = YES;
				CLANG_WARN_EMPTY_BODY = YES;
				CLANG_WARN_ENUM_CONVERSION = YES;
				CLANG_WARN_INFINITE_RECURSION = YES;
				CLANG_WARN_INT_CONVERSION = YES;
				CLANG_WARN_NON_LITERAL_NULL_CONVERSION = YES;
				CLANG_WARN_OBJC_IMPLICIT_RETAIN_SELF = YES;
				CLANG_WARN_OBJC_LITERAL_CONVERSION = YES;
				CLANG_WARN_OBJC_ROOT_CLASS = YES_ERROR;
				CLANG_WARN_QUOTED_INCLUDE_IN_FRAMEWORK_HEADER = YES;
				CLANG_WARN_RANGE_LOOP_ANALYSIS = YES;
				CLANG_WARN_STRICT_PROTOTYPES = YES;
				CLANG_WARN_SUSPICIOUS_MOVE = YES;
				CLANG_WARN_UNGUARDED_AVAILABILITY = YES_AGGRESSIVE;
				CLANG_WARN_UNREACHABLE_CODE = YES;
				CLANG_WARN__DUPLICATE_METHOD_MATCH = YES;
				COPY_PHASE_STRIP = NO;
				DEBUG_INFORMATION_FORMAT = dwarf;
				ENABLE_STRICT_OBJC_MSGSEND = YES;
				ENABLE_TESTABILITY = YES;
				GCC_C_LANGUAGE_STANDARD = gnu11;
				GCC_DYNAMIC_NO_PIC = NO;
				GCC_NO_COMMON_BLOCKS = YES;
				GCC_OPTIMIZATION_LEVEL = 0;
				GCC_PREPROCESSOR_DEFINITIONS = (
					"DEBUG=1",
					"$(inherited)",
				);
				GCC_WARN_64_TO_32_BIT_CONVERSION = YES;
				GCC_WARN_ABOUT_RETURN_TYPE = YES_ERROR;
				GCC_WARN_UNDECLARED_SELECTOR = YES;
				GCC_WARN_UNINITIALIZED_AUTOS = YES_AGGRESSIVE;
				GCC_WARN_UNUSED_FUNCTION = YES;
				GCC_WARN_UNUSED_VARIABLE = YES;
				MACOSX_DEPLOYMENT_TARGET = 11.6;
				MTL_ENABLE_DEBUG_INFO = INCLUDE_SOURCE;
				MTL_FAST_MATH = YES;
				ONLY_ACTIVE_ARCH = YES;
				SDKROOT = macosx;
				SWIFT_ACTIVE_COMPILATION_CONDITIONS = DEBUG;
				SWIFT_OPTIMIZATION_LEVEL = "-Onone";
			};
			name = Debug;
		};
		C3CF8513292E1CE400D8121F /* Release */ = {
			isa = XCBuildConfiguration;
			buildSettings = {
				ALWAYS_SEARCH_USER_PATHS = NO;
				CLANG_ANALYZER_NONNULL = YES;
				CLANG_ANALYZER_NUMBER_OBJECT_CONVERSION = YES_AGGRESSIVE;
				CLANG_CXX_LANGUAGE_STANDARD = "gnu++17";
				CLANG_CXX_LIBRARY = "libc++";
				CLANG_ENABLE_MODULES = YES;
				CLANG_ENABLE_OBJC_ARC = YES;
				CLANG_ENABLE_OBJC_WEAK = YES;
				CLANG_WARN_BLOCK_CAPTURE_AUTORELEASING = YES;
				CLANG_WARN_BOOL_CONVERSION = YES;
				CLANG_WARN_COMMA = YES;
				CLANG_WARN_CONSTANT_CONVERSION = YES;
				CLANG_WARN_DEPRECATED_OBJC_IMPLEMENTATIONS = YES;
				CLANG_WARN_DIRECT_OBJC_ISA_USAGE = YES_ERROR;
				CLANG_WARN_DOCUMENTATION_COMMENTS = YES;
				CLANG_WARN_EMPTY_BODY = YES;
				CLANG_WARN_ENUM_CONVERSION = YES;
				CLANG_WARN_INFINITE_RECURSION = YES;
				CLANG_WARN_INT_CONVERSION = YES;
				CLANG_WARN_NON_LITERAL_NULL_CONVERSION = YES;
				CLANG_WARN_OBJC_IMPLICIT_RETAIN_SELF = YES;
				CLANG_WARN_OBJC_LITERAL_CONVERSION = YES;
				CLANG_WARN_OBJC_ROOT_CLASS = YES_ERROR;
				CLANG_WARN_QUOTED_INCLUDE_IN_FRAMEWORK_HEADER = YES;
				CLANG_WARN_RANGE_LOOP_ANALYSIS = YES;
				CLANG_WARN_STRICT_PROTOTYPES = YES;
				CLANG_WARN_SUSPICIOUS_MOVE = YES;
				CLANG_WARN_UNGUARDED_AVAILABILITY = YES_AGGRESSIVE;
				CLANG_WARN_UNREACHABLE_CODE = YES;
				CLANG_WARN__DUPLICATE_METHOD_MATCH = YES;
				COPY_PHASE_STRIP = NO;
				DEBUG_INFORMATION_FORMAT = "dwarf-with-dsym";
				ENABLE_NS_ASSERTIONS = NO;
				ENABLE_STRICT_OBJC_MSGSEND = YES;
				GCC_C_LANGUAGE_STANDARD = gnu11;
				GCC_NO_COMMON_BLOCKS = YES;
				GCC_WARN_64_TO_32_BIT_CONVERSION = YES;
				GCC_WARN_ABOUT_RETURN_TYPE = YES_ERROR;
				GCC_WARN_UNDECLARED_SELECTOR = YES;
				GCC_WARN_UNINITIALIZED_AUTOS = YES_AGGRESSIVE;
				GCC_WARN_UNUSED_FUNCTION = YES;
				GCC_WARN_UNUSED_VARIABLE = YES;
				MACOSX_DEPLOYMENT_TARGET = 11.6;
				MTL_ENABLE_DEBUG_INFO = NO;
				MTL_FAST_MATH = YES;
				SDKROOT = macosx;
				SWIFT_COMPILATION_MODE = wholemodule;
				SWIFT_OPTIMIZATION_LEVEL = "-O";
			};
			name = Release;
		};
		C3CF8515292E1CE400D8121F /* Debug */ = {
			isa = XCBuildConfiguration;
			buildSettings = {
				CODE_SIGN_STYLE = Automatic;
				PRODUCT_NAME = "$(TARGET_NAME)";
				SWIFT_VERSION = 5.0;
			};
			name = Debug;
		};
		C3CF8516292E1CE400D8121F /* Release */ = {
			isa = XCBuildConfiguration;
			buildSettings = {
				CODE_SIGN_STYLE = Automatic;
				PRODUCT_NAME = "$(TARGET_NAME)";
				SWIFT_VERSION = 5.0;
			};
			name = Release;
		};
		C3CF8520292E1D0200D8121F /* Debug */ = {
			isa = XCBuildConfiguration;
			buildSettings = {
				CODE_SIGN_STYLE = Automatic;
				CURRENT_PROJECT_VERSION = 1;
				GENERATE_INFOPLIST_FILE = YES;
				MARKETING_VERSION = 1.0;
				PRODUCT_BUNDLE_IDENTIFIER = "com.eton.ccomw.Test-Final";
				PRODUCT_NAME = "$(TARGET_NAME)";
				SWIFT_EMIT_LOC_STRINGS = NO;
				SWIFT_VERSION = 5.0;
			};
			name = Debug;
		};
		C3CF8521292E1D0200D8121F /* Release */ = {
			isa = XCBuildConfiguration;
			buildSettings = {
				CODE_SIGN_STYLE = Automatic;
				CURRENT_PROJECT_VERSION = 1;
				GENERATE_INFOPLIST_FILE = YES;
				MARKETING_VERSION = 1.0;
				PRODUCT_BUNDLE_IDENTIFIER = "com.eton.ccomw.Test-Final";
				PRODUCT_NAME = "$(TARGET_NAME)";
				SWIFT_EMIT_LOC_STRINGS = NO;
				SWIFT_VERSION = 5.0;
			};
			name = Release;
		};
/* End XCBuildConfiguration section */

/* Begin XCConfigurationList section */
		C3CF8508292E1CE400D8121F /* Build configuration list for PBXProject "SwiftAlgorithms_Final" */ = {
			isa = XCConfigurationList;
			buildConfigurations = (
				C3CF8512292E1CE400D8121F /* Debug */,
				C3CF8513292E1CE400D8121F /* Release */,
			);
			defaultConfigurationIsVisible = 0;
			defaultConfigurationName = Release;
		};
		C3CF8514292E1CE400D8121F /* Build configuration list for PBXNativeTarget "SwiftAlgorithms_Final" */ = {
			isa = XCConfigurationList;
			buildConfigurations = (
				C3CF8515292E1CE400D8121F /* Debug */,
				C3CF8516292E1CE400D8121F /* Release */,
			);
			defaultConfigurationIsVisible = 0;
			defaultConfigurationName = Release;
		};
		C3CF851F292E1D0200D8121F /* Build configuration list for PBXNativeTarget "Test_Final" */ = {
			isa = XCConfigurationList;
			buildConfigurations = (
				C3CF8520292E1D0200D8121F /* Debug */,
				C3CF8521292E1D0200D8121F /* Release */,
			);
			defaultConfigurationIsVisible = 0;
			defaultConfigurationName = Release;
		};
/* End XCConfigurationList section */
	};
	rootObject = C3CF8505292E1CE400D8121F /* Project object */;
}
